
Microsoft Visual Studio Solution File, Format Version 12.00
# Visual Studio Version 17
VisualStudioVersion = 17.0.31903.59
MinimumVisualStudioVersion = 10.0.40219.1
Project("{2150E333-8FDC-42A3-9474-1A3956D46DE8}") = "src", "src", "{827E0CD3-B72D-47B6-A68D-7590B98EB39B}"
EndProject
Project("{FAE04EC0-301F-11D3-BF4B-00C04F79EFBC}") = "TodoApp.Shared", "src\TodoApp.Shared\TodoApp.Shared.csproj", "{2FBBA9C3-9322-49F4-8687-CF3EACC356E5}"
EndProject
Project("{FAE04EC0-301F-11D3-BF4B-00C04F79EFBC}") = "TodoApp.Data", "src\TodoApp.Data\TodoApp.Data.csproj", "{6FB1E8EE-65A6-4374-907F-F024ED2C893F}"
EndProject
Project("{FAE04EC0-301F-11D3-BF4B-00C04F79EFBC}") = "TodoApp.Api", "src\TodoApp.Api\TodoApp.Api.csproj", "{B611C341-C53E-42EC-8936-BB7AFF832EFD}"
EndProject
Project("{FAE04EC0-301F-11D3-BF4B-00C04F79EFBC}") = "TodoApp.Web", "src\TodoApp.Web\TodoApp.Web.csproj", "{B78EAA9D-D263-4AD3-A85B-01F7BF9DDA43}"
EndProject
Project("{2150E333-8FDC-42A3-9474-1A3956D46DE8}") = "tests", "tests", "{0AB3BF05-4346-4AA6-1389-037BE0695223}"
EndProject
Project("{FAE04EC0-301F-11D3-BF4B-00C04F79EFBC}") = "TodoApp.Api.Tests", "tests\TodoApp.Api.Tests\TodoApp.Api.Tests.csproj", "{5D4D68F3-0A57-492A-A97D-36E27C9931E5}"
EndProject
Project("{FAE04EC0-301F-11D3-BF4B-00C04F79EFBC}") = "TodoApp.Data.Tests", "tests\TodoApp.Data.Tests\TodoApp.Data.Tests.csproj", "{A4A6DDB9-8F84-432B-8D1F-A0E079A8CC73}"
EndProject
Global
	GlobalSection(SolutionConfigurationPlatforms) = preSolution
		Debug|Any CPU = Debug|Any CPU
		Debug|x64 = Debug|x64
		Debug|x86 = Debug|x86
		Release|Any CPU = Release|Any CPU
		Release|x64 = Release|x64
		Release|x86 = Release|x86
	EndGlobalSection
	GlobalSection(ProjectConfigurationPlatforms) = postSolution
		{2FBBA9C3-9322-49F4-8687-CF3EACC356E5}.Debug|Any CPU.ActiveCfg = Debug|Any CPU
		{2FBBA9C3-9322-49F4-8687-CF3EACC356E5}.Debug|Any CPU.Build.0 = Debug|Any CPU
		{2FBBA9C3-9322-49F4-8687-CF3EACC356E5}.Debug|x64.ActiveCfg = Debug|Any CPU
		{2FBBA9C3-9322-49F4-8687-CF3EACC356E5}.Debug|x64.Build.0 = Debug|Any CPU
		{2FBBA9C3-9322-49F4-8687-CF3EACC356E5}.Debug|x86.ActiveCfg = Debug|Any CPU
		{2FBBA9C3-9322-49F4-8687-CF3EACC356E5}.Debug|x86.Build.0 = Debug|Any CPU
		{2FBBA9C3-9322-49F4-8687-CF3EACC356E5}.Release|Any CPU.ActiveCfg = Release|Any CPU
		{2FBBA9C3-9322-49F4-8687-CF3EACC356E5}.Release|Any CPU.Build.0 = Release|Any CPU
		{2FBBA9C3-9322-49F4-8687-CF3EACC356E5}.Release|x64.ActiveCfg = Release|Any CPU
		{2FBBA9C3-9322-49F4-8687-CF3EACC356E5}.Release|x64.Build.0 = Release|Any CPU
		{2FBBA9C3-9322-49F4-8687-CF3EACC356E5}.Release|x86.ActiveCfg = Release|Any CPU
		{2FBBA9C3-9322-49F4-8687-CF3EACC356E5}.Release|x86.Build.0 = Release|Any CPU
		{6FB1E8EE-65A6-4374-907F-F024ED2C893F}.Debug|Any CPU.ActiveCfg = Debug|Any CPU
		{6FB1E8EE-65A6-4374-907F-F024ED2C893F}.Debug|Any CPU.Build.0 = Debug|Any CPU
		{6FB1E8EE-65A6-4374-907F-F024ED2C893F}.Debug|x64.ActiveCfg = Debug|Any CPU
		{6FB1E8EE-65A6-4374-907F-F024ED2C893F}.Debug|x64.Build.0 = Debug|Any CPU
		{6FB1E8EE-65A6-4374-907F-F024ED2C893F}.Debug|x86.ActiveCfg = Debug|Any CPU
		{6FB1E8EE-65A6-4374-907F-F024ED2C893F}.Debug|x86.Build.0 = Debug|Any CPU
		{6FB1E8EE-65A6-4374-907F-F024ED2C893F}.Release|Any CPU.ActiveCfg = Release|Any CPU
		{6FB1E8EE-65A6-4374-907F-F024ED2C893F}.Release|Any CPU.Build.0 = Release|Any CPU
		{6FB1E8EE-65A6-4374-907F-F024ED2C893F}.Release|x64.ActiveCfg = Release|Any CPU
		{6FB1E8EE-65A6-4374-907F-F024ED2C893F}.Release|x64.Build.0 = Release|Any CPU
		{6FB1E8EE-65A6-4374-907F-F024ED2C893F}.Release|x86.ActiveCfg = Release|Any CPU
		{6FB1E8EE-65A6-4374-907F-F024ED2C893F}.Release|x86.Build.0 = Release|Any CPU
		{B611C341-C53E-42EC-8936-BB7AFF832EFD}.Debug|Any CPU.ActiveCfg = Debug|Any CPU
		{B611C341-C53E-42EC-8936-BB7AFF832EFD}.Debug|Any CPU.Build.0 = Debug|Any CPU
		{B611C341-C53E-42EC-8936-BB7AFF832EFD}.Debug|x64.ActiveCfg = Debug|Any CPU
		{B611C341-C53E-42EC-8936-BB7AFF832EFD}.Debug|x64.Build.0 = Debug|Any CPU
		{B611C341-C53E-42EC-8936-BB7AFF832EFD}.Debug|x86.ActiveCfg = Debug|Any CPU
		{B611C341-C53E-42EC-8936-BB7AFF832EFD}.Debug|x86.Build.0 = Debug|Any CPU
		{B611C341-C53E-42EC-8936-BB7AFF832EFD}.Release|Any CPU.ActiveCfg = Release|Any CPU
		{B611C341-C53E-42EC-8936-BB7AFF832EFD}.Release|Any CPU.Build.0 = Release|Any CPU
		{B611C341-C53E-42EC-8936-BB7AFF832EFD}.Release|x64.ActiveCfg = Release|Any CPU
		{B611C341-C53E-42EC-8936-BB7AFF832EFD}.Release|x64.Build.0 = Release|Any CPU
		{B611C341-C53E-42EC-8936-BB7AFF832EFD}.Release|x86.ActiveCfg = Release|Any CPU
		{B611C341-C53E-42EC-8936-BB7AFF832EFD}.Release|x86.Build.0 = Release|Any CPU
		{B78EAA9D-D263-4AD3-A85B-01F7BF9DDA43}.Debug|Any CPU.ActiveCfg = Debug|Any CPU
		{B78EAA9D-D263-4AD3-A85B-01F7BF9DDA43}.Debug|Any CPU.Build.0 = Debug|Any CPU
		{B78EAA9D-D263-4AD3-A85B-01F7BF9DDA43}.Debug|x64.ActiveCfg = Debug|Any CPU
		{B78EAA9D-D263-4AD3-A85B-01F7BF9DDA43}.Debug|x64.Build.0 = Debug|Any CPU
		{B78EAA9D-D263-4AD3-A85B-01F7BF9DDA43}.Debug|x86.ActiveCfg = Debug|Any CPU
		{B78EAA9D-D263-4AD3-A85B-01F7BF9DDA43}.Debug|x86.Build.0 = Debug|Any CPU
		{B78EAA9D-D263-4AD3-A85B-01F7BF9DDA43}.Release|Any CPU.ActiveCfg = Release|Any CPU
		{B78EAA9D-D263-4AD3-A85B-01F7BF9DDA43}.Release|Any CPU.Build.0 = Release|Any CPU
		{B78EAA9D-D263-4AD3-A85B-01F7BF9DDA43}.Release|x64.ActiveCfg = Release|Any CPU
		{B78EAA9D-D263-4AD3-A85B-01F7BF9DDA43}.Release|x64.Build.0 = Release|Any CPU
		{B78EAA9D-D263-4AD3-A85B-01F7BF9DDA43}.Release|x86.ActiveCfg = Release|Any CPU
		{B78EAA9D-D263-4AD3-A85B-01F7BF9DDA43}.Release|x86.Build.0 = Release|Any CPU
		{5D4D68F3-0A57-492A-A97D-36E27C9931E5}.Debug|Any CPU.ActiveCfg = Debug|Any CPU
		{5D4D68F3-0A57-492A-A97D-36E27C9931E5}.Debug|Any CPU.Build.0 = Debug|Any CPU
		{5D4D68F3-0A57-492A-A97D-36E27C9931E5}.Debug|x64.ActiveCfg = Debug|Any CPU
		{5D4D68F3-0A57-492A-A97D-36E27C9931E5}.Debug|x64.Build.0 = Debug|Any CPU
		{5D4D68F3-0A57-492A-A97D-36E27C9931E5}.Debug|x86.ActiveCfg = Debug|Any CPU
		{5D4D68F3-0A57-492A-A97D-36E27C9931E5}.Debug|x86.Build.0 = Debug|Any CPU
		{5D4D68F3-0A57-492A-A97D-36E27C9931E5}.Release|Any CPU.ActiveCfg = Release|Any CPU
		{5D4D68F3-0A57-492A-A97D-36E27C9931E5}.Release|Any CPU.Build.0 = Release|Any CPU
		{5D4D68F3-0A57-492A-A97D-36E27C9931E5}.Release|x64.ActiveCfg = Release|Any CPU
		{5D4D68F3-0A57-492A-A97D-36E27C9931E5}.Release|x64.Build.0 = Release|Any CPU
		{5D4D68F3-0A57-492A-A97D-36E27C9931E5}.Release|x86.ActiveCfg = Release|Any CPU
		{5D4D68F3-0A57-492A-A97D-36E27C9931E5}.Release|x86.Build.0 = Release|Any CPU
		{A4A6DDB9-8F84-432B-8D1F-A0E079A8CC73}.Debug|Any CPU.ActiveCfg = Debug|Any CPU
		{A4A6DDB9-8F84-432B-8D1F-A0E079A8CC73}.Debug|Any CPU.Build.0 = Debug|Any CPU
		{A4A6DDB9-8F84-432B-8D1F-A0E079A8CC73}.Debug|x64.ActiveCfg = Debug|Any CPU
		{A4A6DDB9-8F84-432B-8D1F-A0E079A8CC73}.Debug|x64.Build.0 = Debug|Any CPU
		{A4A6DDB9-8F84-432B-8D1F-A0E079A8CC73}.Debug|x86.ActiveCfg = Debug|Any CPU
		{A4A6DDB9-8F84-432B-8D1F-A0E079A8CC73}.Debug|x86.Build.0 = Debug|Any CPU
		{A4A6DDB9-8F84-432B-8D1F-A0E079A8CC73}.Release|Any CPU.ActiveCfg = Release|Any CPU
		{A4A6DDB9-8F84-432B-8D1F-A0E079A8CC73}.Release|Any CPU.Build.0 = Release|Any CPU
		{A4A6DDB9-8F84-432B-8D1F-A0E079A8CC73}.Release|x64.ActiveCfg = Release|Any CPU
		{A4A6DDB9-8F84-432B-8D1F-A0E079A8CC73}.Release|x64.Build.0 = Release|Any CPU
		{A4A6DDB9-8F84-432B-8D1F-A0E079A8CC73}.Release|x86.ActiveCfg = Release|Any CPU
		{A4A6DDB9-8F84-432B-8D1F-A0E079A8CC73}.Release|x86.Build.0 = Release|Any CPU
	EndGlobalSection
	GlobalSection(SolutionProperties) = preSolution
		HideSolutionNode = FALSE
	EndGlobalSection
	GlobalSection(NestedProjects) = preSolution
		{2FBBA9C3-9322-49F4-8687-CF3EACC356E5} = {827E0CD3-B72D-47B6-A68D-7590B98EB39B}
		{6FB1E8EE-65A6-4374-907F-F024ED2C893F} = {827E0CD3-B72D-47B6-A68D-7590B98EB39B}
		{B611C341-C53E-42EC-8936-BB7AFF832EFD} = {827E0CD3-B72D-47B6-A68D-7590B98EB39B}
		{B78EAA9D-D263-4AD3-A85B-01F7BF9DDA43} = {827E0CD3-B72D-47B6-A68D-7590B98EB39B}
		{5D4D68F3-0A57-492A-A97D-36E27C9931E5} = {0AB3BF05-4346-4AA6-1389-037BE0695223}
		{A4A6DDB9-8F84-432B-8D1F-A0E079A8CC73} = {0AB3BF05-4346-4AA6-1389-037BE0695223}
	EndGlobalSection
EndGlobal
