<Solution>
  <Folder Name="/src/">
    <Project Path="src/TodoApp.Api/TodoApp.Api.csproj" />
    <Project Path="src/TodoApp.Data/TodoApp.Data.csproj" />
    <Project Path="src/TodoApp.Shared/TodoApp.Shared.csproj" />
    <Project Path="src/TodoApp.Web/TodoApp.Web.csproj" />
  </Folder>
  <Folder Name="/tests/">
    <Project Path="tests/TodoApp.Api.Tests/TodoApp.Api.Tests.csproj" />
    <Project Path="tests/TodoApp.Data.Tests/TodoApp.Data.Tests.csproj" />
  </Folder>
</Solution>
